
Microsoft Visual Studio Solution File, Format Version 12.00
# Visual Studio Version 16
VisualStudioVersion = 16.0.31424.327
MinimumVisualStudioVersion = 10.0.40219.1
Project("{FAE04EC0-301F-11D3-BF4B-00C04F79EFBC}") = "mvvm_example", "mvvm_example.csproj", "{C9A80485-00C8-4934-B141-12156B3C5A1D}"
EndProject
Global
	GlobalSection(SolutionConfigurationPlatforms) = preSolution
		Debug|Any CPU = Debug|Any CPU
		Release|Any CPU = Release|Any CPU
	EndGlobalSection
	GlobalSection(ProjectConfigurationPlatforms) = postSolution
		{C9A80485-00C8-4934-B141-12156B3C5A1D}.Debug|Any CPU.ActiveCfg = Debug|Any CPU
		{C9A80485-00C8-4934-B141-12156B3C5A1D}.Debug|Any CPU.Build.0 = Debug|Any CPU
		{C9A80485-00C8-4934-B141-12156B3C5A1D}.Release|Any CPU.ActiveCfg = Release|Any CPU
		{C9A80485-00C8-4934-B141-12156B3C5A1D}.Release|Any CPU.Build.0 = Release|Any CPU
	EndGlobalSection
	GlobalSection(SolutionProperties) = preSolution
		HideSolutionNode = FALSE
	EndGlobalSection
	GlobalSection(ExtensibilityGlobals) = postSolution
		SolutionGuid = {B534809E-868C-4FDF-8213-07BD04E14E64}
	EndGlobalSection
EndGlobal
